
Microsoft Visual Studio Solution File, Format Version 12.00
# Visual Studio Version 17
VisualStudioVersion = 17.9.34728.123
MinimumVisualStudioVersion = 10.0.40219.1
Project("{FAE04EC0-301F-11D3-BF4B-00C04F79EFBC}") = "BlazorProj.Server", "BlazorProj.Server\BlazorProj.Server.csproj", "{DC50C10C-FBB4-49D7-B422-173AF862AE07}"
EndProject
Project("{FAE04EC0-301F-11D3-BF4B-00C04F79EFBC}") = "BlazorProj.DB", "BlazorProj.DB\BlazorProj.DB.csproj", "{ABE2FEBA-0AC4-499A-A37A-F990962CB4F2}"
EndProject
Global
	GlobalSection(SolutionConfigurationPlatforms) = preSolution
		Debug|Any CPU = Debug|Any CPU
		Release|Any CPU = Release|Any CPU
	EndGlobalSection
	GlobalSection(ProjectConfigurationPlatforms) = postSolution
		{DC50C10C-FBB4-49D7-B422-173AF862AE07}.Debug|Any CPU.ActiveCfg = Debug|Any CPU
		{DC50C10C-FBB4-49D7-B422-173AF862AE07}.Debug|Any CPU.Build.0 = Debug|Any CPU
		{DC50C10C-FBB4-49D7-B422-173AF862AE07}.Release|Any CPU.ActiveCfg = Release|Any CPU
		{DC50C10C-FBB4-49D7-B422-173AF862AE07}.Release|Any CPU.Build.0 = Release|Any CPU
		{ABE2FEBA-0AC4-499A-A37A-F990962CB4F2}.Debug|Any CPU.ActiveCfg = Debug|Any CPU
		{ABE2FEBA-0AC4-499A-A37A-F990962CB4F2}.Debug|Any CPU.Build.0 = Debug|Any CPU
		{ABE2FEBA-0AC4-499A-A37A-F990962CB4F2}.Release|Any CPU.ActiveCfg = Release|Any CPU
		{ABE2FEBA-0AC4-499A-A37A-F990962CB4F2}.Release|Any CPU.Build.0 = Release|Any CPU
	EndGlobalSection
	GlobalSection(SolutionProperties) = preSolution
		HideSolutionNode = FALSE
	EndGlobalSection
	GlobalSection(ExtensibilityGlobals) = postSolution
		SolutionGuid = {4C89CEBF-DA9A-4547-A664-9D21DCD0C2A7}
	EndGlobalSection
EndGlobal
